
Microsoft Visual Studio Solution File, Format Version 12.00
# Visual Studio Version 16
VisualStudioVersion = 16.0.28922.388
MinimumVisualStudioVersion = 10.0.40219.1
Project("{FAE04EC0-301F-11D3-BF4B-00C04F79EFBC}") = "GoCD", "GoCD\GoCD.csproj", "{98D44A30-4E55-476E-8745-BA994DC9EC3B}"
EndProject
Global
	GlobalSection(SolutionConfigurationPlatforms) = preSolution
		Debug|Any CPU = Debug|Any CPU
		Release|Any CPU = Release|Any CPU
	EndGlobalSection
	GlobalSection(ProjectConfigurationPlatforms) = postSolution
		{98D44A30-4E55-476E-8745-BA994DC9EC3B}.Debug|Any CPU.ActiveCfg = Debug|Any CPU
		{98D44A30-4E55-476E-8745-BA994DC9EC3B}.Debug|Any CPU.Build.0 = Debug|Any CPU
		{98D44A30-4E55-476E-8745-BA994DC9EC3B}.Release|Any CPU.ActiveCfg = Release|Any CPU
		{98D44A30-4E55-476E-8745-BA994DC9EC3B}.Release|Any CPU.Build.0 = Release|Any CPU
	EndGlobalSection
	GlobalSection(SolutionProperties) = preSolution
		HideSolutionNode = FALSE
	EndGlobalSection
	GlobalSection(ExtensibilityGlobals) = postSolution
		SolutionGuid = {9425886D-677D-4277-8640-0343F054A392}
	EndGlobalSection
EndGlobal
